
Microsoft Visual Studio Solution File, Format Version 12.00
# Visual Studio Version 17
VisualStudioVersion = 17.5.33530.505
MinimumVisualStudioVersion = 10.0.40219.1
Project("{FAE04EC0-301F-11D3-BF4B-00C04F79EFBC}") = "CarSale", "CarSale.csproj", "{9D8E7B4A-C876-4D74-B732-677B29EB3C0E}"
EndProject
Global
	GlobalSection(SolutionConfigurationPlatforms) = preSolution
		Debug|Any CPU = Debug|Any CPU
		Release|Any CPU = Release|Any CPU
	EndGlobalSection
	GlobalSection(ProjectConfigurationPlatforms) = postSolution
		{9D8E7B4A-C876-4D74-B732-677B29EB3C0E}.Debug|Any CPU.ActiveCfg = Debug|Any CPU
		{9D8E7B4A-C876-4D74-B732-677B29EB3C0E}.Debug|Any CPU.Build.0 = Debug|Any CPU
		{9D8E7B4A-C876-4D74-B732-677B29EB3C0E}.Release|Any CPU.ActiveCfg = Release|Any CPU
		{9D8E7B4A-C876-4D74-B732-677B29EB3C0E}.Release|Any CPU.Build.0 = Release|Any CPU
	EndGlobalSection
	GlobalSection(SolutionProperties) = preSolution
		HideSolutionNode = FALSE
	EndGlobalSection
	GlobalSection(ExtensibilityGlobals) = postSolution
		SolutionGuid = {12A99F7A-E95E-47BA-8715-345034013F8E}
	EndGlobalSection
EndGlobal
